
Microsoft Visual Studio Solution File, Format Version 12.00
# Visual Studio Version 16
VisualStudioVersion = 16.0.32602.291
MinimumVisualStudioVersion = 10.0.40219.1
Project("{FAE04EC0-301F-11D3-BF4B-00C04F79EFBC}") = "MatchinGame", "MatchinGame\MatchinGame.csproj", "{583BFD7A-0C27-43AE-8309-D1F0A49CD375}"
EndProject
Global
	GlobalSection(SolutionConfigurationPlatforms) = preSolution
		Debug|Any CPU = Debug|Any CPU
		Release|Any CPU = Release|Any CPU
	EndGlobalSection
	GlobalSection(ProjectConfigurationPlatforms) = postSolution
		{583BFD7A-0C27-43AE-8309-D1F0A49CD375}.Debug|Any CPU.ActiveCfg = Debug|Any CPU
		{583BFD7A-0C27-43AE-8309-D1F0A49CD375}.Debug|Any CPU.Build.0 = Debug|Any CPU
		{583BFD7A-0C27-43AE-8309-D1F0A49CD375}.Release|Any CPU.ActiveCfg = Release|Any CPU
		{583BFD7A-0C27-43AE-8309-D1F0A49CD375}.Release|Any CPU.Build.0 = Release|Any CPU
	EndGlobalSection
	GlobalSection(SolutionProperties) = preSolution
		HideSolutionNode = FALSE
	EndGlobalSection
	GlobalSection(ExtensibilityGlobals) = postSolution
		SolutionGuid = {558C5057-3EDD-46EB-A9DE-E5AB98660814}
	EndGlobalSection
EndGlobal
